
Microsoft Visual Studio Solution File, Format Version 12.00
# Visual Studio Version 17
VisualStudioVersion = 17.5.002.0
MinimumVisualStudioVersion = 10.0.40219.1
Project("{9A19103F-16F7-4668-BE54-9A1E7A4F7556}") = "TecidoAiganApp", "TecidoAiganApp\TecidoAiganApp.csproj", "{CD566AAD-6782-4778-A8FC-D482F618CECD}"
EndProject
Global
	GlobalSection(SolutionConfigurationPlatforms) = preSolution
		Debug|Any CPU = Debug|Any CPU
		Release|Any CPU = Release|Any CPU
	EndGlobalSection
	GlobalSection(ProjectConfigurationPlatforms) = postSolution
		{CD566AAD-6782-4778-A8FC-D482F618CECD}.Debug|Any CPU.ActiveCfg = Debug|Any CPU
		{CD566AAD-6782-4778-A8FC-D482F618CECD}.Debug|Any CPU.Build.0 = Debug|Any CPU
		{CD566AAD-6782-4778-A8FC-D482F618CECD}.Release|Any CPU.ActiveCfg = Release|Any CPU
		{CD566AAD-6782-4778-A8FC-D482F618CECD}.Release|Any CPU.Build.0 = Release|Any CPU
	EndGlobalSection
	GlobalSection(SolutionProperties) = preSolution
		HideSolutionNode = FALSE
	EndGlobalSection
	GlobalSection(ExtensibilityGlobals) = postSolution
		SolutionGuid = {17852961-4450-4807-8FA7-D1DAE7BA9635}
	EndGlobalSection
EndGlobal
